
Microsoft Visual Studio Solution File, Format Version 12.00
# Visual Studio Version 17
VisualStudioVersion = 17.8.34525.116
MinimumVisualStudioVersion = 10.0.40219.1
Project("{2150E333-8FDC-42A3-9474-1A3956D46DE8}") = "test", "test", "{F36AEE82-167D-46F7-9486-0F5DFDAF15A0}"
EndProject
Project("{2150E333-8FDC-42A3-9474-1A3956D46DE8}") = "src", "src", "{078FEB2E-5CBA-4967-AD59-F38472E3EE92}"
EndProject
Project("{9A19103F-16F7-4668-BE54-9A1E7A4F7556}") = "Restaurants.API", "src\Restaurants.API\Restaurants.API.csproj", "{870D3E88-BA79-4D1F-BADB-8F6FDF04A5C1}"
EndProject
Project("{9A19103F-16F7-4668-BE54-9A1E7A4F7556}") = "Restaurants.Application", "src\Restaurants.Application\Restaurants.Application.csproj", "{8AD45F3C-3A52-4CE7-AA62-FC43D7FAD2AA}"
EndProject
Project("{9A19103F-16F7-4668-BE54-9A1E7A4F7556}") = "Restaurants.Domain", "src\Restaurants.Domain\Restaurants.Domain.csproj", "{D3A0CEAA-2092-4B78-9D76-D250DB72D57A}"
EndProject
Project("{9A19103F-16F7-4668-BE54-9A1E7A4F7556}") = "Restaurants.Infrastructure", "src\Restaurants.Infrastructure\Restaurants.Infrastructure.csproj", "{E75CFA21-93BE-4AE8-B528-234450EE7285}"
EndProject
Project("{9A19103F-16F7-4668-BE54-9A1E7A4F7556}") = "Restaurants.API.Middelwares.Tests", "test\Restaurants.API.Middelwares.Tests\Restaurants.API.Middelwares.Tests.csproj", "{7AD58D9F-459A-4F05-BCB8-96B9970EF551}"
EndProject
Project("{9A19103F-16F7-4668-BE54-9A1E7A4F7556}") = "Restaurants.API.Tests", "test\Restaurants.API.Tests\Restaurants.API.Tests.csproj", "{B412BA9E-E5FA-45D7-9E80-669B2B960775}"
EndProject
Project("{9A19103F-16F7-4668-BE54-9A1E7A4F7556}") = "Restaurants.Application.Tests", "test\Restaurants.Application.Tests\Restaurants.Application.Tests.csproj", "{8A5CC834-689E-429D-86AF-5CD10809D5C4}"
EndProject
Project("{9A19103F-16F7-4668-BE54-9A1E7A4F7556}") = "Restaurants.Infrastructure.Tests", "test\Restaurants.Infrastructure.Tests\Restaurants.Infrastructure.Tests.csproj", "{DDC76862-964A-4B10-8C58-3D331AA17A5B}"
EndProject
Global
	GlobalSection(SolutionConfigurationPlatforms) = preSolution
		Debug|Any CPU = Debug|Any CPU
		Release|Any CPU = Release|Any CPU
	EndGlobalSection
	GlobalSection(ProjectConfigurationPlatforms) = postSolution
		{870D3E88-BA79-4D1F-BADB-8F6FDF04A5C1}.Debug|Any CPU.ActiveCfg = Debug|Any CPU
		{870D3E88-BA79-4D1F-BADB-8F6FDF04A5C1}.Debug|Any CPU.Build.0 = Debug|Any CPU
		{870D3E88-BA79-4D1F-BADB-8F6FDF04A5C1}.Release|Any CPU.ActiveCfg = Release|Any CPU
		{870D3E88-BA79-4D1F-BADB-8F6FDF04A5C1}.Release|Any CPU.Build.0 = Release|Any CPU
		{8AD45F3C-3A52-4CE7-AA62-FC43D7FAD2AA}.Debug|Any CPU.ActiveCfg = Debug|Any CPU
		{8AD45F3C-3A52-4CE7-AA62-FC43D7FAD2AA}.Debug|Any CPU.Build.0 = Debug|Any CPU
		{8AD45F3C-3A52-4CE7-AA62-FC43D7FAD2AA}.Release|Any CPU.ActiveCfg = Release|Any CPU
		{8AD45F3C-3A52-4CE7-AA62-FC43D7FAD2AA}.Release|Any CPU.Build.0 = Release|Any CPU
		{D3A0CEAA-2092-4B78-9D76-D250DB72D57A}.Debug|Any CPU.ActiveCfg = Debug|Any CPU
		{D3A0CEAA-2092-4B78-9D76-D250DB72D57A}.Debug|Any CPU.Build.0 = Debug|Any CPU
		{D3A0CEAA-2092-4B78-9D76-D250DB72D57A}.Release|Any CPU.ActiveCfg = Release|Any CPU
		{D3A0CEAA-2092-4B78-9D76-D250DB72D57A}.Release|Any CPU.Build.0 = Release|Any CPU
		{E75CFA21-93BE-4AE8-B528-234450EE7285}.Debug|Any CPU.ActiveCfg = Debug|Any CPU
		{E75CFA21-93BE-4AE8-B528-234450EE7285}.Debug|Any CPU.Build.0 = Debug|Any CPU
		{E75CFA21-93BE-4AE8-B528-234450EE7285}.Release|Any CPU.ActiveCfg = Release|Any CPU
		{E75CFA21-93BE-4AE8-B528-234450EE7285}.Release|Any CPU.Build.0 = Release|Any CPU
		{7AD58D9F-459A-4F05-BCB8-96B9970EF551}.Debug|Any CPU.ActiveCfg = Debug|Any CPU
		{7AD58D9F-459A-4F05-BCB8-96B9970EF551}.Debug|Any CPU.Build.0 = Debug|Any CPU
		{7AD58D9F-459A-4F05-BCB8-96B9970EF551}.Release|Any CPU.ActiveCfg = Release|Any CPU
		{7AD58D9F-459A-4F05-BCB8-96B9970EF551}.Release|Any CPU.Build.0 = Release|Any CPU
		{B412BA9E-E5FA-45D7-9E80-669B2B960775}.Debug|Any CPU.ActiveCfg = Debug|Any CPU
		{B412BA9E-E5FA-45D7-9E80-669B2B960775}.Debug|Any CPU.Build.0 = Debug|Any CPU
		{B412BA9E-E5FA-45D7-9E80-669B2B960775}.Release|Any CPU.ActiveCfg = Release|Any CPU
		{B412BA9E-E5FA-45D7-9E80-669B2B960775}.Release|Any CPU.Build.0 = Release|Any CPU
		{8A5CC834-689E-429D-86AF-5CD10809D5C4}.Debug|Any CPU.ActiveCfg = Debug|Any CPU
		{8A5CC834-689E-429D-86AF-5CD10809D5C4}.Debug|Any CPU.Build.0 = Debug|Any CPU
		{8A5CC834-689E-429D-86AF-5CD10809D5C4}.Release|Any CPU.ActiveCfg = Release|Any CPU
		{8A5CC834-689E-429D-86AF-5CD10809D5C4}.Release|Any CPU.Build.0 = Release|Any CPU
		{DDC76862-964A-4B10-8C58-3D331AA17A5B}.Debug|Any CPU.ActiveCfg = Debug|Any CPU
		{DDC76862-964A-4B10-8C58-3D331AA17A5B}.Debug|Any CPU.Build.0 = Debug|Any CPU
		{DDC76862-964A-4B10-8C58-3D331AA17A5B}.Release|Any CPU.ActiveCfg = Release|Any CPU
		{DDC76862-964A-4B10-8C58-3D331AA17A5B}.Release|Any CPU.Build.0 = Release|Any CPU
	EndGlobalSection
	GlobalSection(SolutionProperties) = preSolution
		HideSolutionNode = FALSE
	EndGlobalSection
	GlobalSection(NestedProjects) = preSolution
		{870D3E88-BA79-4D1F-BADB-8F6FDF04A5C1} = {078FEB2E-5CBA-4967-AD59-F38472E3EE92}
		{8AD45F3C-3A52-4CE7-AA62-FC43D7FAD2AA} = {078FEB2E-5CBA-4967-AD59-F38472E3EE92}
		{D3A0CEAA-2092-4B78-9D76-D250DB72D57A} = {078FEB2E-5CBA-4967-AD59-F38472E3EE92}
		{E75CFA21-93BE-4AE8-B528-234450EE7285} = {078FEB2E-5CBA-4967-AD59-F38472E3EE92}
		{7AD58D9F-459A-4F05-BCB8-96B9970EF551} = {F36AEE82-167D-46F7-9486-0F5DFDAF15A0}
		{B412BA9E-E5FA-45D7-9E80-669B2B960775} = {F36AEE82-167D-46F7-9486-0F5DFDAF15A0}
		{8A5CC834-689E-429D-86AF-5CD10809D5C4} = {F36AEE82-167D-46F7-9486-0F5DFDAF15A0}
		{DDC76862-964A-4B10-8C58-3D331AA17A5B} = {F36AEE82-167D-46F7-9486-0F5DFDAF15A0}
	EndGlobalSection
	GlobalSection(ExtensibilityGlobals) = postSolution
		SolutionGuid = {CD470A5A-67FB-4924-BFF9-0017722818B4}
	EndGlobalSection
EndGlobal
